
Microsoft Visual Studio Solution File, Format Version 12.00
Project("{2150E333-8FDC-42A3-9474-1A3956D46DE8}") = "src", "src", "{11954C13-4BBF-4CC9-A61F-538E7F51157A}"
EndProject
Project("{2150E333-8FDC-42A3-9474-1A3956D46DE8}") = "tests", "tests", "{DE5E264E-8213-43A6-94F9-8FB7E337BBDF}"
EndProject
Project("{FAE04EC0-301F-11D3-BF4B-00C04F79EFBC}") = "Pathfinder.Sdk", "src\Pathfinder.Sdk\Pathfinder.Sdk.csproj", "{A5AAF2C9-2FBF-4AD1-BCAA-86CBC8A15764}"
EndProject
Project("{FAE04EC0-301F-11D3-BF4B-00C04F79EFBC}") = "Pathfinder.Sdk.Tests", "tests\Pathfinder.Sdk.Tests\Pathfinder.Sdk.Tests.csproj", "{1206F28A-FAAF-4CAE-AA19-6CDEF8440181}"
EndProject
Global
	GlobalSection(SolutionConfigurationPlatforms) = preSolution
		Debug|Any CPU = Debug|Any CPU
		Release|Any CPU = Release|Any CPU
	EndGlobalSection
	GlobalSection(NestedProjects) = preSolution
		{A5AAF2C9-2FBF-4AD1-BCAA-86CBC8A15764} = {11954C13-4BBF-4CC9-A61F-538E7F51157A}
		{1206F28A-FAAF-4CAE-AA19-6CDEF8440181} = {DE5E264E-8213-43A6-94F9-8FB7E337BBDF}
	EndGlobalSection
	GlobalSection(ProjectConfigurationPlatforms) = postSolution
		{A5AAF2C9-2FBF-4AD1-BCAA-86CBC8A15764}.Debug|Any CPU.ActiveCfg = Debug|Any CPU
		{A5AAF2C9-2FBF-4AD1-BCAA-86CBC8A15764}.Debug|Any CPU.Build.0 = Debug|Any CPU
		{A5AAF2C9-2FBF-4AD1-BCAA-86CBC8A15764}.Release|Any CPU.ActiveCfg = Release|Any CPU
		{A5AAF2C9-2FBF-4AD1-BCAA-86CBC8A15764}.Release|Any CPU.Build.0 = Release|Any CPU
		{1206F28A-FAAF-4CAE-AA19-6CDEF8440181}.Debug|Any CPU.ActiveCfg = Debug|Any CPU
		{1206F28A-FAAF-4CAE-AA19-6CDEF8440181}.Debug|Any CPU.Build.0 = Debug|Any CPU
		{1206F28A-FAAF-4CAE-AA19-6CDEF8440181}.Release|Any CPU.ActiveCfg = Release|Any CPU
		{1206F28A-FAAF-4CAE-AA19-6CDEF8440181}.Release|Any CPU.Build.0 = Release|Any CPU
	EndGlobalSection
EndGlobal
